
Microsoft Visual Studio Solution File, Format Version 12.00
# Visual Studio Version 16
VisualStudioVersion = 16.0.29326.143
MinimumVisualStudioVersion = 10.0.40219.1
Project("{FAE04EC0-301F-11D3-BF4B-00C04F79EFBC}") = "YailloWebApp", "YailloWebApp.csproj", "{CDF9EC7C-D9D7-4597-97FF-2B3BB52FF8F4}"
EndProject
Global
	GlobalSection(SolutionConfigurationPlatforms) = preSolution
		Debug|Any CPU = Debug|Any CPU
		Release|Any CPU = Release|Any CPU
	EndGlobalSection
	GlobalSection(ProjectConfigurationPlatforms) = postSolution
		{CDF9EC7C-D9D7-4597-97FF-2B3BB52FF8F4}.Debug|Any CPU.ActiveCfg = Debug|Any CPU
		{CDF9EC7C-D9D7-4597-97FF-2B3BB52FF8F4}.Debug|Any CPU.Build.0 = Debug|Any CPU
		{CDF9EC7C-D9D7-4597-97FF-2B3BB52FF8F4}.Release|Any CPU.ActiveCfg = Release|Any CPU
		{CDF9EC7C-D9D7-4597-97FF-2B3BB52FF8F4}.Release|Any CPU.Build.0 = Release|Any CPU
	EndGlobalSection
	GlobalSection(SolutionProperties) = preSolution
		HideSolutionNode = FALSE
	EndGlobalSection
	GlobalSection(ExtensibilityGlobals) = postSolution
		SolutionGuid = {67B46CCD-B822-4D0F-B775-02503EC8D71F}
	EndGlobalSection
EndGlobal
